lockfileVersion: 5.4

importers:

  src:
    specifiers:
      '@tsconfig/node-lts-strictest-esm': 18.12.1
      '@types/node': 18.11.18
      chalk: ^5.2.0
    dependencies:
      chalk: 5.2.0
    devDependencies:
      '@tsconfig/node-lts-strictest-esm': 18.12.1
      '@types/node': 18.11.18

packages:

  /@tsconfig/node-lts-strictest-esm/18.12.1:
    resolution: {integrity: sha512-LvBLmaC6Q/txTddLc11OeMHF9XjJFzlilkETJuvBlUvHy9pPiMsoH3nxWZM1FMSO53zp4mJP6gzOzxKEq0me7Q==}
    dev: true

  /@types/node/18.11.18:
    resolution: {integrity: sha512-DHQpWGjyQKSHj3ebjFI/wRKcqQcdR+MoFBygntYOZytCqNfkd2ZC4ARDJ2DQqhjH5p85Nnd3jhUJIXrszFX/JA==}
    dev: true

  /chalk/5.2.0:
    resolution: {integrity: sha512-ree3Gqw/nazQAPuJJEy+avdl7QfZMcUvmHIKgEZkGL+xOBzRvup5Hxo6LHuMceSxOabuJLJm5Yp/92R9eMmMvA==}
    engines: {node: ^12.17.0 || ^14.13 || >=16.0.0}
    dev: false
